# This file is automatically @generated by Cargo.
# It is not intended for manual editing.
version = 4

[[package]]
name = "atc-config"
version = "0.1.0"
dependencies = [
 "atc-core",
]

[[package]]
name = "atc-core"
version = "0.1.0"

[[package]]
name = "atc-maintenance"
version = "0.1.0"
dependencies = [
 "atc-core",
]

[[package]]
name = "atc-standards"
version = "0.1.0"
dependencies = [
 "atc-core",
]
